Microsoft Visual Studio Solution File, Format Version 12.00
# Visual Studio 15
VisualStudioVersion = 15.0.26730.15
MinimumVisualStudioVersion = 10.0.40219.1
Project("{FAE04EC0-301F-11D3-BF4B-00C04F79EFBC}") = "MvxForms.Core", "MvxForms.Core\MvxForms.Core.csproj", "{F51D9DFF-9348-48C3-A075-03F7EB4175C2}"
EndProject
Project("{FAE04EC0-301F-11D3-BF4B-00C04F79EFBC}") = "MvxForms.iOS", "MvxForms.iOS\MvxForms.iOS.csproj", "{75F97699-58D8-4246-ADAC-08000DE0D008}"
EndProject
Project("{FAE04EC0-301F-11D3-BF4B-00C04F79EFBC}") = "MvxForms.Droid", "MvxForms.Droid\MvxForms.Droid.csproj", "{0F7AD86D-BEEE-4413-92DF-E3E142EB1794}"
EndProject
Project("{FAE04EC0-301F-11D3-BF4B-00C04F79EFBC}") = "Playground.Core", "..\po\polodigital.github.io-master\TestProjects\Playground\Playground.Core\Playground.Core.csproj", "{56CD2748-857D-442A-9268-95D99F552840}"
EndProject
Project("{FAE04EC0-301F-11D3-BF4B-00C04F79EFBC}") = "Playground.Forms.Droid", "..\po\polodigital.github.io-master\TestProjects\Playground\Playground.Forms.Droid\Playground.Forms.Droid.csproj", "{A8A8B9B3-34FA-4769-AE81-4D80F9BDC3BB}"
EndProject
Global
	GlobalSection(SolutionConfigurationPlatforms) = preSolution
		Debug|Any CPU = Debug|Any CPU
		Debug|iPhone = Debug|iPhone
		Debug|iPhoneSimulator = Debug|iPhoneSimulator
		Release|Any CPU = Release|Any CPU
		Release|iPhone = Release|iPhone
		Release|iPhoneSimulator = Release|iPhoneSimulator
	EndGlobalSection
	GlobalSection(ProjectConfigurationPlatforms) = postSolution
		{F51D9DFF-9348-48C3-A075-03F7EB4175C2}.Debug|Any CPU.ActiveCfg = Debug|Any CPU
		{F51D9DFF-9348-48C3-A075-03F7EB4175C2}.Debug|Any CPU.Build.0 = Debug|Any CPU
		{F51D9DFF-9348-48C3-A075-03F7EB4175C2}.Debug|iPhone.ActiveCfg = Debug|Any CPU
		{F51D9DFF-9348-48C3-A075-03F7EB4175C2}.Debug|iPhone.Build.0 = Debug|Any CPU
		{F51D9DFF-9348-48C3-A075-03F7EB4175C2}.Debug|iPhoneSimulator.ActiveCfg = Debug|Any CPU
		{F51D9DFF-9348-48C3-A075-03F7EB4175C2}.Debug|iPhoneSimulator.Build.0 = Debug|Any CPU
		{F51D9DFF-9348-48C3-A075-03F7EB4175C2}.Release|Any CPU.ActiveCfg = Release|Any CPU
		{F51D9DFF-9348-48C3-A075-03F7EB4175C2}.Release|Any CPU.Build.0 = Release|Any CPU
		{F51D9DFF-9348-48C3-A075-03F7EB4175C2}.Release|iPhone.ActiveCfg = Release|Any CPU
		{F51D9DFF-9348-48C3-A075-03F7EB4175C2}.Release|iPhone.Build.0 = Release|Any CPU
		{F51D9DFF-9348-48C3-A075-03F7EB4175C2}.Release|iPhoneSimulator.ActiveCfg = Release|Any CPU
		{F51D9DFF-9348-48C3-A075-03F7EB4175C2}.Release|iPhoneSimulator.Build.0 = Release|Any CPU
		{75F97699-58D8-4246-ADAC-08000DE0D008}.Debug|Any CPU.ActiveCfg = Debug|iPhoneSimulator
		{75F97699-58D8-4246-ADAC-08000DE0D008}.Debug|Any CPU.Build.0 = Debug|iPhoneSimulator
		{75F97699-58D8-4246-ADAC-08000DE0D008}.Debug|iPhone.ActiveCfg = Debug|iPhone
		{75F97699-58D8-4246-ADAC-08000DE0D008}.Debug|iPhone.Build.0 = Debug|iPhone
		{75F97699-58D8-4246-ADAC-08000DE0D008}.Debug|iPhoneSimulator.ActiveCfg = Debug|iPhoneSimulator
		{75F97699-58D8-4246-ADAC-08000DE0D008}.Debug|iPhoneSimulator.Build.0 = Debug|iPhoneSimulator
		{75F97699-58D8-4246-ADAC-08000DE0D008}.Release|Any CPU.ActiveCfg = Release|iPhone
		{75F97699-58D8-4246-ADAC-08000DE0D008}.Release|Any CPU.Build.0 = Release|iPhone
		{75F97699-58D8-4246-ADAC-08000DE0D008}.Release|iPhone.ActiveCfg = Release|iPhone
		{75F97699-58D8-4246-ADAC-08000DE0D008}.Release|iPhone.Build.0 = Release|iPhone
		{75F97699-58D8-4246-ADAC-08000DE0D008}.Release|iPhoneSimulator.ActiveCfg = Release|iPhoneSimulator
		{75F97699-58D8-4246-ADAC-08000DE0D008}.Release|iPhoneSimulator.Build.0 = Release|iPhoneSimulator
		{0F7AD86D-BEEE-4413-92DF-E3E142EB1794}.Debug|Any CPU.ActiveCfg = Debug|Any CPU
		{0F7AD86D-BEEE-4413-92DF-E3E142EB1794}.Debug|Any CPU.Build.0 = Debug|Any CPU
		{0F7AD86D-BEEE-4413-92DF-E3E142EB1794}.Debug|Any CPU.Deploy.0 = Debug|Any CPU
		{0F7AD86D-BEEE-4413-92DF-E3E142EB1794}.Debug|iPhone.ActiveCfg = Debug|Any CPU
		{0F7AD86D-BEEE-4413-92DF-E3E142EB1794}.Debug|iPhone.Build.0 = Debug|Any CPU
		{0F7AD86D-BEEE-4413-92DF-E3E142EB1794}.Debug|iPhoneSimulator.ActiveCfg = Debug|Any CPU
		{0F7AD86D-BEEE-4413-92DF-E3E142EB1794}.Debug|iPhoneSimulator.Build.0 = Debug|Any CPU
		{0F7AD86D-BEEE-4413-92DF-E3E142EB1794}.Release|Any CPU.ActiveCfg = Release|Any CPU
		{0F7AD86D-BEEE-4413-92DF-E3E142EB1794}.Release|Any CPU.Build.0 = Release|Any CPU
		{0F7AD86D-BEEE-4413-92DF-E3E142EB1794}.Release|iPhone.ActiveCfg = Release|Any CPU
		{0F7AD86D-BEEE-4413-92DF-E3E142EB1794}.Release|iPhone.Build.0 = Release|Any CPU
		{0F7AD86D-BEEE-4413-92DF-E3E142EB1794}.Release|iPhoneSimulator.ActiveCfg = Release|Any CPU
		{0F7AD86D-BEEE-4413-92DF-E3E142EB1794}.Release|iPhoneSimulator.Build.0 = Release|Any CPU
		{56CD2748-857D-442A-9268-95D99F552840}.Debug|Any CPU.ActiveCfg = Debug|Any CPU
		{56CD2748-857D-442A-9268-95D99F552840}.Debug|Any CPU.Build.0 = Debug|Any CPU
		{56CD2748-857D-442A-9268-95D99F552840}.Debug|iPhone.ActiveCfg = Debug|Any CPU
		{56CD2748-857D-442A-9268-95D99F552840}.Debug|iPhone.Build.0 = Debug|Any CPU
		{56CD2748-857D-442A-9268-95D99F552840}.Debug|iPhoneSimulator.ActiveCfg = Debug|Any CPU
		{56CD2748-857D-442A-9268-95D99F552840}.Debug|iPhoneSimulator.Build.0 = Debug|Any CPU
		{56CD2748-857D-442A-9268-95D99F552840}.Release|Any CPU.ActiveCfg = Release|Any CPU
		{56CD2748-857D-442A-9268-95D99F552840}.Release|Any CPU.Build.0 = Release|Any CPU
		{56CD2748-857D-442A-9268-95D99F552840}.Release|iPhone.ActiveCfg = Release|Any CPU
		{56CD2748-857D-442A-9268-95D99F552840}.Release|iPhone.Build.0 = Release|Any CPU
		{56CD2748-857D-442A-9268-95D99F552840}.Release|iPhoneSimulator.ActiveCfg = Release|Any CPU
		{56CD2748-857D-442A-9268-95D99F552840}.Release|iPhoneSimulator.Build.0 = Release|Any CPU
		{A8A8B9B3-34FA-4769-AE81-4D80F9BDC3BB}.Debug|Any CPU.ActiveCfg = Debug|Any CPU
		{A8A8B9B3-34FA-4769-AE81-4D80F9BDC3BB}.Debug|Any CPU.Build.0 = Debug|Any CPU
		{A8A8B9B3-34FA-4769-AE81-4D80F9BDC3BB}.Debug|Any CPU.Deploy.0 = Debug|Any CPU
		{A8A8B9B3-34FA-4769-AE81-4D80F9BDC3BB}.Debug|iPhone.ActiveCfg = Debug|Any CPU
		{A8A8B9B3-34FA-4769-AE81-4D80F9BDC3BB}.Debug|iPhone.Build.0 = Debug|Any CPU
		{A8A8B9B3-34FA-4769-AE81-4D80F9BDC3BB}.Debug|iPhone.Deploy.0 = Debug|Any CPU
		{A8A8B9B3-34FA-4769-AE81-4D80F9BDC3BB}.Debug|iPhoneSimulator.ActiveCfg = Debug|Any CPU
		{A8A8B9B3-34FA-4769-AE81-4D80F9BDC3BB}.Debug|iPhoneSimulator.Build.0 = Debug|Any CPU
		{A8A8B9B3-34FA-4769-AE81-4D80F9BDC3BB}.Debug|iPhoneSimulator.Deploy.0 = Debug|Any CPU
		{A8A8B9B3-34FA-4769-AE81-4D80F9BDC3BB}.Release|Any CPU.ActiveCfg = Release|Any CPU
		{A8A8B9B3-34FA-4769-AE81-4D80F9BDC3BB}.Release|Any CPU.Build.0 = Release|Any CPU
		{A8A8B9B3-34FA-4769-AE81-4D80F9BDC3BB}.Release|Any CPU.Deploy.0 = Release|Any CPU
		{A8A8B9B3-34FA-4769-AE81-4D80F9BDC3BB}.Release|iPhone.ActiveCfg = Release|Any CPU
		{A8A8B9B3-34FA-4769-AE81-4D80F9BDC3BB}.Release|iPhone.Build.0 = Release|Any CPU
		{A8A8B9B3-34FA-4769-AE81-4D80F9BDC3BB}.Release|iPhone.Deploy.0 = Release|Any CPU
		{A8A8B9B3-34FA-4769-AE81-4D80F9BDC3BB}.Release|iPhoneSimulator.ActiveCfg = Release|Any CPU
		{A8A8B9B3-34FA-4769-AE81-4D80F9BDC3BB}.Release|iPhoneSimulator.Build.0 = Release|Any CPU
		{A8A8B9B3-34FA-4769-AE81-4D80F9BDC3BB}.Release|iPhoneSimulator.Deploy.0 = Release|Any CPU
	EndGlobalSection
	GlobalSection(SolutionProperties) = preSolution
		HideSolutionNode = FALSE
	EndGlobalSection
	GlobalSection(ExtensibilityGlobals) = postSolution
		SolutionGuid = {0BF37214-75CD-4392-AA7E-7215AD353508}
	EndGlobalSection
EndGlobal
